// !$*UTF8*$!
{
	archiveVersion = 1;
	classes = {
	};
	objectVersion = 56;
	objects = {

/* Begin PBXBuildFile section */
		3B240BE42C457C6D005DF771 /* TodoListApp.swift in Sources */ = {isa = PBXBuildFile; fileRef = 3B240BE32C457C6D005DF771 /* TodoListApp.swift */; };
		3B240BE62C457C6D005DF771 /* MainView.swift in Sources */ = {isa = PBXBuildFile; fileRef = 3B240BE52C457C6D005DF771 /* MainView.swift */; };
		3B240BE82C457C6F005DF771 /* Assets.xcassets in Resources */ = {isa = PBXBuildFile; fileRef = 3B240BE72C457C6F005DF771 /* Assets.xcassets */; };
		3B240BEB2C457C6F005DF771 /* Preview Assets.xcassets in Resources */ = {isa = PBXBuildFile; fileRef = 3B240BEA2C457C6F005DF771 /* Preview Assets.xcassets */; };
		3B240BF32C4580E6005DF771 /* FirebaseAnalytics in Frameworks */ = {isa = PBXBuildFile; productRef = 3B240BF22C4580E6005DF771 /* FirebaseAnalytics */; };
		3B240BF52C4580E6005DF771 /* FirebaseAnalyticsOnDeviceConversion in Frameworks */ = {isa = PBXBuildFile; productRef = 3B240BF42C4580E6005DF771 /* FirebaseAnalyticsOnDeviceConversion */; };
		3B240BF72C4580E6005DF771 /* FirebaseAnalyticsSwift in Frameworks */ = {isa = PBXBuildFile; productRef = 3B240BF62C4580E6005DF771 /* FirebaseAnalyticsSwift */; };
		3B240BF92C4580E6005DF771 /* FirebaseAnalyticsWithoutAdIdSupport in Frameworks */ = {isa = PBXBuildFile; productRef = 3B240BF82C4580E6005DF771 /* FirebaseAnalyticsWithoutAdIdSupport */; };
		3B240BFB2C4580E6005DF771 /* FirebaseAppCheck in Frameworks */ = {isa = PBXBuildFile; productRef = 3B240BFA2C4580E6005DF771 /* FirebaseAppCheck */; };
		3B240BFD2C4580E6005DF771 /* FirebaseAppDistribution-Beta in Frameworks */ = {isa = PBXBuildFile; productRef = 3B240BFC2C4580E6005DF771 /* FirebaseAppDistribution-Beta */; };
		3B240BFF2C4580E6005DF771 /* FirebaseAuth in Frameworks */ = {isa = PBXBuildFile; productRef = 3B240BFE2C4580E6005DF771 /* FirebaseAuth */; };
		3B240C012C4580E6005DF771 /* FirebaseAuthCombine-Community in Frameworks */ = {isa = PBXBuildFile; productRef = 3B240C002C4580E6005DF771 /* FirebaseAuthCombine-Community */; };
		3B240C032C4580E6005DF771 /* FirebaseCrashlytics in Frameworks */ = {isa = PBXBuildFile; productRef = 3B240C022C4580E6005DF771 /* FirebaseCrashlytics */; };
		3B240C052C4580E6005DF771 /* FirebaseDatabase in Frameworks */ = {isa = PBXBuildFile; productRef = 3B240C042C4580E6005DF771 /* FirebaseDatabase */; };
		3B240C072C4580E6005DF771 /* FirebaseDatabaseSwift in Frameworks */ = {isa = PBXBuildFile; productRef = 3B240C062C4580E6005DF771 /* FirebaseDatabaseSwift */; };
		3B240C092C4580E6005DF771 /* FirebaseDynamicLinks in Frameworks */ = {isa = PBXBuildFile; productRef = 3B240C082C4580E6005DF771 /* FirebaseDynamicLinks */; };
		3B240C0B2C4580E6005DF771 /* FirebaseFirestore in Frameworks */ = {isa = PBXBuildFile; productRef = 3B240C0A2C4580E6005DF771 /* FirebaseFirestore */; };
		3B240C0D2C4580E6005DF771 /* FirebaseFirestoreCombine-Community in Frameworks */ = {isa = PBXBuildFile; productRef = 3B240C0C2C4580E6005DF771 /* FirebaseFirestoreCombine-Community */; };
		3B240C0F2C4580E6005DF771 /* FirebaseFirestoreSwift in Frameworks */ = {isa = PBXBuildFile; productRef = 3B240C0E2C4580E6005DF771 /* FirebaseFirestoreSwift */; };
		3B240C112C4580E6005DF771 /* FirebaseFunctions in Frameworks */ = {isa = PBXBuildFile; productRef = 3B240C102C4580E6005DF771 /* FirebaseFunctions */; };
		3B240C132C4580E6005DF771 /* FirebaseFunctionsCombine-Community in Frameworks */ = {isa = PBXBuildFile; productRef = 3B240C122C4580E6005DF771 /* FirebaseFunctionsCombine-Community */; };
		3B240C152C4580E6005DF771 /* FirebaseInAppMessaging-Beta in Frameworks */ = {isa = PBXBuildFile; productRef = 3B240C142C4580E6005DF771 /* FirebaseInAppMessaging-Beta */; };
		3B240C172C4580E6005DF771 /* FirebaseInAppMessagingSwift-Beta in Frameworks */ = {isa = PBXBuildFile; productRef = 3B240C162C4580E6005DF771 /* FirebaseInAppMessagingSwift-Beta */; };
		3B240C192C4580E6005DF771 /* FirebaseInstallations in Frameworks */ = {isa = PBXBuildFile; productRef = 3B240C182C4580E6005DF771 /* FirebaseInstallations */; };
		3B240C1B2C4580E6005DF771 /* FirebaseMLModelDownloader in Frameworks */ = {isa = PBXBuildFile; productRef = 3B240C1A2C4580E6005DF771 /* FirebaseMLModelDownloader */; };
		3B240C1D2C4580E6005DF771 /* FirebaseMessaging in Frameworks */ = {isa = PBXBuildFile; productRef = 3B240C1C2C4580E6005DF771 /* FirebaseMessaging */; };
		3B240C1F2C4580E6005DF771 /* FirebasePerformance in Frameworks */ = {isa = PBXBuildFile; productRef = 3B240C1E2C4580E6005DF771 /* FirebasePerformance */; };
		3B240C212C4580E6005DF771 /* FirebaseRemoteConfig in Frameworks */ = {isa = PBXBuildFile; productRef = 3B240C202C4580E6005DF771 /* FirebaseRemoteConfig */; };
		3B240C232C4580E6005DF771 /* FirebaseRemoteConfigSwift in Frameworks */ = {isa = PBXBuildFile; productRef = 3B240C222C4580E6005DF771 /* FirebaseRemoteConfigSwift */; };
		3B240C252C4580E6005DF771 /* FirebaseStorage in Frameworks */ = {isa = PBXBuildFile; productRef = 3B240C242C4580E6005DF771 /* FirebaseStorage */; };
		3B240C272C4580E6005DF771 /* FirebaseStorageCombine-Community in Frameworks */ = {isa = PBXBuildFile; productRef = 3B240C262C4580E6005DF771 /* FirebaseStorageCombine-Community */; };
		3B240C292C4580E6005DF771 /* FirebaseVertexAI-Preview in Frameworks */ = {isa = PBXBuildFile; productRef = 3B240C282C4580E6005DF771 /* FirebaseVertexAI-Preview */; };
		3B240C2B2C458350005DF771 /* GoogleService-Info.plist in Resources */ = {isa = PBXBuildFile; fileRef = 3B240C2A2C458350005DF771 /* GoogleService-Info.plist */; };
		3B240C312C458B21005DF771 /* ProfileView.swift in Sources */ = {isa = PBXBuildFile; fileRef = 3B240C302C458B21005DF771 /* ProfileView.swift */; };
		3B240C332C458B42005DF771 /* TodoListView.swift in Sources */ = {isa = PBXBuildFile; fileRef = 3B240C322C458B42005DF771 /* TodoListView.swift */; };
		3B240C352C458B59005DF771 /* NewItemView.swift in Sources */ = {isa = PBXBuildFile; fileRef = 3B240C342C458B59005DF771 /* NewItemView.swift */; };
		3B240C372C458B68005DF771 /* LoginView.swift in Sources */ = {isa = PBXBuildFile; fileRef = 3B240C362C458B68005DF771 /* LoginView.swift */; };
		3B240C392C458B7A005DF771 /* RegisterView.swift in Sources */ = {isa = PBXBuildFile; fileRef = 3B240C382C458B7A005DF771 /* RegisterView.swift */; };
		3B240C3B2C458B93005DF771 /* TodoListItemView.swift in Sources */ = {isa = PBXBuildFile; fileRef = 3B240C3A2C458B93005DF771 /* TodoListItemView.swift */; };
		3B240C3D2C458BBE005DF771 /* User.swift in Sources */ = {isa = PBXBuildFile; fileRef = 3B240C3C2C458BBE005DF771 /* User.swift */; };
		3B240C3F2C458BCC005DF771 /* TodoListItem.swift in Sources */ = {isa = PBXBuildFile; fileRef = 3B240C3E2C458BCC005DF771 /* TodoListItem.swift */; };
		3B240C412C458C0C005DF771 /* MainViewViewModel.swift in Sources */ = {isa = PBXBuildFile; fileRef = 3B240C402C458C0C005DF771 /* MainViewViewModel.swift */; };
		3B240C432C458C1A005DF771 /* ProfileViewViewModel.swift in Sources */ = {isa = PBXBuildFile; fileRef = 3B240C422C458C1A005DF771 /* ProfileViewViewModel.swift */; };
		3B240C452C458C29005DF771 /* TodoListViewViewModel.swift in Sources */ = {isa = PBXBuildFile; fileRef = 3B240C442C458C29005DF771 /* TodoListViewViewModel.swift */; };
		3B240C472C458C3C005DF771 /* NewItemViewViewModel.swift in Sources */ = {isa = PBXBuildFile; fileRef = 3B240C462C458C3C005DF771 /* NewItemViewViewModel.swift */; };
		3B240C492C458C49005DF771 /* LoginViewViewModel.swift in Sources */ = {isa = PBXBuildFile; fileRef = 3B240C482C458C49005DF771 /* LoginViewViewModel.swift */; };
		3B240C4D2C458C6D005DF771 /* RegisterViewViewModel.swift in Sources */ = {isa = PBXBuildFile; fileRef = 3B240C4C2C458C6D005DF771 /* RegisterViewViewModel.swift */; };
		3B240C4F2C458C81005DF771 /* TodoListItemViewViewModel.swift in Sources */ = {isa = PBXBuildFile; fileRef = 3B240C4E2C458C81005DF771 /* TodoListItemViewViewModel.swift */; };
		3B240C512C458F7B005DF771 /* HeaderView.swift in Sources */ = {isa = PBXBuildFile; fileRef = 3B240C502C458F7B005DF771 /* HeaderView.swift */; };
		3B9732352C57CDFC00314449 /* TLButton.swift in Sources */ = {isa = PBXBuildFile; fileRef = 3B9732342C57CDFC00314449 /* TLButton.swift */; };
		3B9732372C58041300314449 /* Extensions.swift in Sources */ = {isa = PBXBuildFile; fileRef = 3B9732362C58041300314449 /* Extensions.swift */; };
/* End PBXBuildFile section */

/* Begin PBXFileReference section */
		3B240BE02C457C6D005DF771 /* TodoList.app */ = {isa = PBXFileReference; explicitFileType = wrapper.application; includeInIndex = 0; path = TodoList.app; sourceTree = BUILT_PRODUCTS_DIR; };
		3B240BE32C457C6D005DF771 /* TodoListApp.swift */ = {isa = PBXFileReference; lastKnownFileType = sourcecode.swift; path = TodoListApp.swift; sourceTree = "<group>"; };
		3B240BE52C457C6D005DF771 /* MainView.swift */ = {isa = PBXFileReference; lastKnownFileType = sourcecode.swift; path = MainView.swift; sourceTree = "<group>"; };
		3B240BE72C457C6F005DF771 /* Assets.xcassets */ = {isa = PBXFileReference; lastKnownFileType = folder.assetcatalog; path = Assets.xcassets; sourceTree = "<group>"; };
		3B240BEA2C457C6F005DF771 /* Preview Assets.xcassets */ = {isa = PBXFileReference; lastKnownFileType = folder.assetcatalog; path = "Preview Assets.xcassets"; sourceTree = "<group>"; };
		3B240C2A2C458350005DF771 /* GoogleService-Info.plist */ = {isa = PBXFileReference; fileEncoding = 4; lastKnownFileType = text.plist.xml; path = "GoogleService-Info.plist"; sourceTree = "<group>"; };
		3B240C302C458B21005DF771 /* ProfileView.swift */ = {isa = PBXFileReference; lastKnownFileType = sourcecode.swift; path = ProfileView.swift; sourceTree = "<group>"; };
		3B240C322C458B42005DF771 /* TodoListView.swift */ = {isa = PBXFileReference; lastKnownFileType = sourcecode.swift; path = TodoListView.swift; sourceTree = "<group>"; };
		3B240C342C458B59005DF771 /* NewItemView.swift */ = {isa = PBXFileReference; lastKnownFileType = sourcecode.swift; path = NewItemView.swift; sourceTree = "<group>"; };
		3B240C362C458B68005DF771 /* LoginView.swift */ = {isa = PBXFileReference; lastKnownFileType = sourcecode.swift; path = LoginView.swift; sourceTree = "<group>"; };
		3B240C382C458B7A005DF771 /* RegisterView.swift */ = {isa = PBXFileReference; lastKnownFileType = sourcecode.swift; path = RegisterView.swift; sourceTree = "<group>"; };
		3B240C3A2C458B93005DF771 /* TodoListItemView.swift */ = {isa = PBXFileReference; lastKnownFileType = sourcecode.swift; path = TodoListItemView.swift; sourceTree = "<group>"; };
		3B240C3C2C458BBE005DF771 /* User.swift */ = {isa = PBXFileReference; lastKnownFileType = sourcecode.swift; path = User.swift; sourceTree = "<group>"; };
		3B240C3E2C458BCC005DF771 /* TodoListItem.swift */ = {isa = PBXFileReference; lastKnownFileType = sourcecode.swift; path = TodoListItem.swift; sourceTree = "<group>"; };
		3B240C402C458C0C005DF771 /* MainViewViewModel.swift */ = {isa = PBXFileReference; lastKnownFileType = sourcecode.swift; path = MainViewViewModel.swift; sourceTree = "<group>"; };
		3B240C422C458C1A005DF771 /* ProfileViewViewModel.swift */ = {isa = PBXFileReference; lastKnownFileType = sourcecode.swift; path = ProfileViewViewModel.swift; sourceTree = "<group>"; };
		3B240C442C458C29005DF771 /* TodoListViewViewModel.swift */ = {isa = PBXFileReference; lastKnownFileType = sourcecode.swift; path = TodoListViewViewModel.swift; sourceTree = "<group>"; };
		3B240C462C458C3C005DF771 /* NewItemViewViewModel.swift */ = {isa = PBXFileReference; lastKnownFileType = sourcecode.swift; path = NewItemViewViewModel.swift; sourceTree = "<group>"; };
		3B240C482C458C49005DF771 /* LoginViewViewModel.swift */ = {isa = PBXFileReference; lastKnownFileType = sourcecode.swift; path = LoginViewViewModel.swift; sourceTree = "<group>"; };
		3B240C4C2C458C6D005DF771 /* RegisterViewViewModel.swift */ = {isa = PBXFileReference; lastKnownFileType = sourcecode.swift; path = RegisterViewViewModel.swift; sourceTree = "<group>"; };
		3B240C4E2C458C81005DF771 /* TodoListItemViewViewModel.swift */ = {isa = PBXFileReference; lastKnownFileType = sourcecode.swift; path = TodoListItemViewViewModel.swift; sourceTree = "<group>"; };
		3B240C502C458F7B005DF771 /* HeaderView.swift */ = {isa = PBXFileReference; lastKnownFileType = sourcecode.swift; path = HeaderView.swift; sourceTree = "<group>"; };
		3B9732342C57CDFC00314449 /* TLButton.swift */ = {isa = PBXFileReference; lastKnownFileType = sourcecode.swift; path = TLButton.swift; sourceTree = "<group>"; };
		3B9732362C58041300314449 /* Extensions.swift */ = {isa = PBXFileReference; lastKnownFileType = sourcecode.swift; path = Extensions.swift; sourceTree = "<group>"; };
/* End PBXFileReference section */

/* Begin PBXFrameworksBuildPhase section */
		3B240BDD2C457C6D005DF771 /* Frameworks */ = {
			isa = PBXFrameworksBuildPhase;
			buildActionMask = 2147483647;
			files = (
				3B240C052C4580E6005DF771 /* FirebaseDatabase in Frameworks */,
				3B240C132C4580E6005DF771 /* FirebaseFunctionsCombine-Community in Frameworks */,
				3B240C0B2C4580E6005DF771 /* FirebaseFirestore in Frameworks */,
				3B240BF72C4580E6005DF771 /* FirebaseAnalyticsSwift in Frameworks */,
				3B240BF32C4580E6005DF771 /* FirebaseAnalytics in Frameworks */,
				3B240BF52C4580E6005DF771 /* FirebaseAnalyticsOnDeviceConversion in Frameworks */,
				3B240C1B2C4580E6005DF771 /* FirebaseMLModelDownloader in Frameworks */,
				3B240C0F2C4580E6005DF771 /* FirebaseFirestoreSwift in Frameworks */,
				3B240BFB2C4580E6005DF771 /* FirebaseAppCheck in Frameworks */,
				3B240BF92C4580E6005DF771 /* FirebaseAnalyticsWithoutAdIdSupport in Frameworks */,
				3B240BFF2C4580E6005DF771 /* FirebaseAuth in Frameworks */,
				3B240C032C4580E6005DF771 /* FirebaseCrashlytics in Frameworks */,
				3B240C232C4580E6005DF771 /* FirebaseRemoteConfigSwift in Frameworks */,
				3B240C152C4580E6005DF771 /* FirebaseInAppMessaging-Beta in Frameworks */,
				3B240C072C4580E6005DF771 /* FirebaseDatabaseSwift in Frameworks */,
				3B240C112C4580E6005DF771 /* FirebaseFunctions in Frameworks */,
				3B240C272C4580E6005DF771 /* FirebaseStorageCombine-Community in Frameworks */,
				3B240C212C4580E6005DF771 /* FirebaseRemoteConfig in Frameworks */,
				3B240BFD2C4580E6005DF771 /* FirebaseAppDistribution-Beta in Frameworks */,
				3B240C012C4580E6005DF771 /* FirebaseAuthCombine-Community in Frameworks */,
				3B240C1F2C4580E6005DF771 /* FirebasePerformance in Frameworks */,
				3B240C172C4580E6005DF771 /* FirebaseInAppMessagingSwift-Beta in Frameworks */,
				3B240C252C4580E6005DF771 /* FirebaseStorage in Frameworks */,
				3B240C092C4580E6005DF771 /* FirebaseDynamicLinks in Frameworks */,
				3B240C292C4580E6005DF771 /* FirebaseVertexAI-Preview in Frameworks */,
				3B240C0D2C4580E6005DF771 /* FirebaseFirestoreCombine-Community in Frameworks */,
				3B240C1D2C4580E6005DF771 /* FirebaseMessaging in Frameworks */,
				3B240C192C4580E6005DF771 /* FirebaseInstallations in Frameworks */,
			);
			runOnlyForDeploymentPostprocessing = 0;
		};
/* End PBXFrameworksBuildPhase section */

/* Begin PBXGroup section */
		3B240BD72C457C6D005DF771 = {
			isa = PBXGroup;
			children = (
				3B240BE22C457C6D005DF771 /* TodoList */,
				3B240BE12C457C6D005DF771 /* Products */,
			);
			sourceTree = "<group>";
		};
		3B240BE12C457C6D005DF771 /* Products */ = {
			isa = PBXGroup;
			children = (
				3B240BE02C457C6D005DF771 /* TodoList.app */,
			);
			name = Products;
			sourceTree = "<group>";
		};
		3B240BE22C457C6D005DF771 /* TodoList */ = {
			isa = PBXGroup;
			children = (
				3B240C2F2C458A70005DF771 /* Others */,
				3B240C2E2C458A65005DF771 /* Models */,
				3B240C2D2C458A5D005DF771 /* ViewModels */,
				3B240C2C2C458A55005DF771 /* Views */,
				3B240BE92C457C6F005DF771 /* Preview Content */,
			);
			path = TodoList;
			sourceTree = "<group>";
		};
		3B240BE92C457C6F005DF771 /* Preview Content */ = {
			isa = PBXGroup;
			children = (
				3B240BEA2C457C6F005DF771 /* Preview Assets.xcassets */,
			);
			path = "Preview Content";
			sourceTree = "<group>";
		};
		3B240C2C2C458A55005DF771 /* Views */ = {
			isa = PBXGroup;
			children = (
				3B240BE52C457C6D005DF771 /* MainView.swift */,
				3B240C302C458B21005DF771 /* ProfileView.swift */,
				3B240C322C458B42005DF771 /* TodoListView.swift */,
				3B240C342C458B59005DF771 /* NewItemView.swift */,
				3B240C362C458B68005DF771 /* LoginView.swift */,
				3B240C382C458B7A005DF771 /* RegisterView.swift */,
				3B240C3A2C458B93005DF771 /* TodoListItemView.swift */,
				3B240C502C458F7B005DF771 /* HeaderView.swift */,
				3B9732342C57CDFC00314449 /* TLButton.swift */,
			);
			path = Views;
			sourceTree = "<group>";
		};
		3B240C2D2C458A5D005DF771 /* ViewModels */ = {
			isa = PBXGroup;
			children = (
				3B240C402C458C0C005DF771 /* MainViewViewModel.swift */,
				3B240C422C458C1A005DF771 /* ProfileViewViewModel.swift */,
				3B240C442C458C29005DF771 /* TodoListViewViewModel.swift */,
				3B240C462C458C3C005DF771 /* NewItemViewViewModel.swift */,
				3B240C482C458C49005DF771 /* LoginViewViewModel.swift */,
				3B240C4C2C458C6D005DF771 /* RegisterViewViewModel.swift */,
				3B240C4E2C458C81005DF771 /* TodoListItemViewViewModel.swift */,
			);
			path = ViewModels;
			sourceTree = "<group>";
		};
		3B240C2E2C458A65005DF771 /* Models */ = {
			isa = PBXGroup;
			children = (
				3B240C3C2C458BBE005DF771 /* User.swift */,
				3B240C3E2C458BCC005DF771 /* TodoListItem.swift */,
			);
			path = Models;
			sourceTree = "<group>";
		};
		3B240C2F2C458A70005DF771 /* Others */ = {
			isa = PBXGroup;
			children = (
				3B240BE32C457C6D005DF771 /* TodoListApp.swift */,
				3B240BE72C457C6F005DF771 /* Assets.xcassets */,
				3B240C2A2C458350005DF771 /* GoogleService-Info.plist */,
				3B9732362C58041300314449 /* Extensions.swift */,
			);
			path = Others;
			sourceTree = "<group>";
		};
/* End PBXGroup section */

/* Begin PBXNativeTarget section */
		3B240BDF2C457C6D005DF771 /* TodoList */ = {
			isa = PBXNativeTarget;
			buildConfigurationList = 3B240BEE2C457C6F005DF771 /* Build configuration list for PBXNativeTarget "TodoList" */;
			buildPhases = (
				3B240BDC2C457C6D005DF771 /* Sources */,
				3B240BDD2C457C6D005DF771 /* Frameworks */,
				3B240BDE2C457C6D005DF771 /* Resources */,
			);
			buildRules = (
			);
			dependencies = (
			);
			name = TodoList;
			packageProductDependencies = (
				3B240BF22C4580E6005DF771 /* FirebaseAnalytics */,
				3B240BF42C4580E6005DF771 /* FirebaseAnalyticsOnDeviceConversion */,
				3B240BF62C4580E6005DF771 /* FirebaseAnalyticsSwift */,
				3B240BF82C4580E6005DF771 /* FirebaseAnalyticsWithoutAdIdSupport */,
				3B240BFA2C4580E6005DF771 /* FirebaseAppCheck */,
				3B240BFC2C4580E6005DF771 /* FirebaseAppDistribution-Beta */,
				3B240BFE2C4580E6005DF771 /* FirebaseAuth */,
				3B240C002C4580E6005DF771 /* FirebaseAuthCombine-Community */,
				3B240C022C4580E6005DF771 /* FirebaseCrashlytics */,
				3B240C042C4580E6005DF771 /* FirebaseDatabase */,
				3B240C062C4580E6005DF771 /* FirebaseDatabaseSwift */,
				3B240C082C4580E6005DF771 /* FirebaseDynamicLinks */,
				3B240C0A2C4580E6005DF771 /* FirebaseFirestore */,
				3B240C0C2C4580E6005DF771 /* FirebaseFirestoreCombine-Community */,
				3B240C0E2C4580E6005DF771 /* FirebaseFirestoreSwift */,
				3B240C102C4580E6005DF771 /* FirebaseFunctions */,
				3B240C122C4580E6005DF771 /* FirebaseFunctionsCombine-Community */,
				3B240C142C4580E6005DF771 /* FirebaseInAppMessaging-Beta */,
				3B240C162C4580E6005DF771 /* FirebaseInAppMessagingSwift-Beta */,
				3B240C182C4580E6005DF771 /* FirebaseInstallations */,
				3B240C1A2C4580E6005DF771 /* FirebaseMLModelDownloader */,
				3B240C1C2C4580E6005DF771 /* FirebaseMessaging */,
				3B240C1E2C4580E6005DF771 /* FirebasePerformance */,
				3B240C202C4580E6005DF771 /* FirebaseRemoteConfig */,
				3B240C222C4580E6005DF771 /* FirebaseRemoteConfigSwift */,
				3B240C242C4580E6005DF771 /* FirebaseStorage */,
				3B240C262C4580E6005DF771 /* FirebaseStorageCombine-Community */,
				3B240C282C4580E6005DF771 /* FirebaseVertexAI-Preview */,
			);
			productName = TodoList;
			productReference = 3B240BE02C457C6D005DF771 /* TodoList.app */;
			productType = "com.apple.product-type.application";
		};
/* End PBXNativeTarget section */

/* Begin PBXProject section */
		3B240BD82C457C6D005DF771 /* Project object */ = {
			isa = PBXProject;
			attributes = {
				BuildIndependentTargetsInParallel = 1;
				LastSwiftUpdateCheck = 1500;
				LastUpgradeCheck = 1500;
				TargetAttributes = {
					3B240BDF2C457C6D005DF771 = {
						CreatedOnToolsVersion = 15.0.1;
					};
				};
			};
			buildConfigurationList = 3B240BDB2C457C6D005DF771 /* Build configuration list for PBXProject "TodoList" */;
			compatibilityVersion = "Xcode 14.0";
			developmentRegion = en;
			hasScannedForEncodings = 0;
			knownRegions = (
				en,
				Base,
			);
			mainGroup = 3B240BD72C457C6D005DF771;
			packageReferences = (
				3B240BF12C4580E6005DF771 /* XCRemoteSwiftPackageReference "firebase-ios-sdk" */,
			);
			productRefGroup = 3B240BE12C457C6D005DF771 /* Products */;
			projectDirPath = "";
			projectRoot = "";
			targets = (
				3B240BDF2C457C6D005DF771 /* TodoList */,
			);
		};
/* End PBXProject section */

/* Begin PBXResourcesBuildPhase section */
		3B240BDE2C457C6D005DF771 /* Resources */ = {
			isa = PBXResourcesBuildPhase;
			buildActionMask = 2147483647;
			files = (
				3B240BEB2C457C6F005DF771 /* Preview Assets.xcassets in Resources */,
				3B240BE82C457C6F005DF771 /* Assets.xcassets in Resources */,
				3B240C2B2C458350005DF771 /* GoogleService-Info.plist in Resources */,
			);
			runOnlyForDeploymentPostprocessing = 0;
		};
/* End PBXResourcesBuildPhase section */

/* Begin PBXSourcesBuildPhase section */
		3B240BDC2C457C6D005DF771 /* Sources */ = {
			isa = PBXSourcesBuildPhase;
			buildActionMask = 2147483647;
			files = (
				3B240C3F2C458BCC005DF771 /* TodoListItem.swift in Sources */,
				3B240C512C458F7B005DF771 /* HeaderView.swift in Sources */,
				3B240C4F2C458C81005DF771 /* TodoListItemViewViewModel.swift in Sources */,
				3B240C372C458B68005DF771 /* LoginView.swift in Sources */,
				3B240C4D2C458C6D005DF771 /* RegisterViewViewModel.swift in Sources */,
				3B240C412C458C0C005DF771 /* MainViewViewModel.swift in Sources */,
				3B240BE62C457C6D005DF771 /* MainView.swift in Sources */,
				3B9732352C57CDFC00314449 /* TLButton.swift in Sources */,
				3B240C312C458B21005DF771 /* ProfileView.swift in Sources */,
				3B240C432C458C1A005DF771 /* ProfileViewViewModel.swift in Sources */,
				3B240C392C458B7A005DF771 /* RegisterView.swift in Sources */,
				3B240C332C458B42005DF771 /* TodoListView.swift in Sources */,
				3B240C452C458C29005DF771 /* TodoListViewViewModel.swift in Sources */,
				3B240C3D2C458BBE005DF771 /* User.swift in Sources */,
				3B240C492C458C49005DF771 /* LoginViewViewModel.swift in Sources */,
				3B9732372C58041300314449 /* Extensions.swift in Sources */,
				3B240C3B2C458B93005DF771 /* TodoListItemView.swift in Sources */,
				3B240BE42C457C6D005DF771 /* TodoListApp.swift in Sources */,
				3B240C352C458B59005DF771 /* NewItemView.swift in Sources */,
				3B240C472C458C3C005DF771 /* NewItemViewViewModel.swift in Sources */,
			);
			runOnlyForDeploymentPostprocessing = 0;
		};
/* End PBXSourcesBuildPhase section */

/* Begin XCBuildConfiguration section */
		3B240BEC2C457C6F005DF771 /* Debug */ = {
			isa = XCBuildConfiguration;
			buildSettings = {
				ALWAYS_SEARCH_USER_PATHS = NO;
				ASSETCATALOG_COMPILER_GENERATE_SWIFT_ASSET_SYMBOL_EXTENSIONS = YES;
				CLANG_ANALYZER_NONNULL = YES;
				CLANG_ANALYZER_NUMBER_OBJECT_CONVERSION = YES_AGGRESSIVE;
				CLANG_CXX_LANGUAGE_STANDARD = "gnu++20";
				CLANG_ENABLE_MODULES = YES;
				CLANG_ENABLE_OBJC_ARC = YES;
				CLANG_ENABLE_OBJC_WEAK = YES;
				CLANG_WARN_BLOCK_CAPTURE_AUTORELEASING = YES;
				CLANG_WARN_BOOL_CONVERSION = YES;
				CLANG_WARN_COMMA = YES;
				CLANG_WARN_CONSTANT_CONVERSION = YES;
				CLANG_WARN_DEPRECATED_OBJC_IMPLEMENTATIONS = YES;
				CLANG_WARN_DIRECT_OBJC_ISA_USAGE = YES_ERROR;
				CLANG_WARN_DOCUMENTATION_COMMENTS = YES;
				CLANG_WARN_EMPTY_BODY = YES;
				CLANG_WARN_ENUM_CONVERSION = YES;
				CLANG_WARN_INFINITE_RECURSION = YES;
				CLANG_WARN_INT_CONVERSION = YES;
				CLANG_WARN_NON_LITERAL_NULL_CONVERSION = YES;
				CLANG_WARN_OBJC_IMPLICIT_RETAIN_SELF = YES;
				CLANG_WARN_OBJC_LITERAL_CONVERSION = YES;
				CLANG_WARN_OBJC_ROOT_CLASS = YES_ERROR;
				CLANG_WARN_QUOTED_INCLUDE_IN_FRAMEWORK_HEADER = YES;
				CLANG_WARN_RANGE_LOOP_ANALYSIS = YES;
				CLANG_WARN_STRICT_PROTOTYPES = YES;
				CLANG_WARN_SUSPICIOUS_MOVE = YES;
				CLANG_WARN_UNGUARDED_AVAILABILITY = YES_AGGRESSIVE;
				CLANG_WARN_UNREACHABLE_CODE = YES;
				CLANG_WARN__DUPLICATE_METHOD_MATCH = YES;
				COPY_PHASE_STRIP = NO;
				DEBUG_INFORMATION_FORMAT = dwarf;
				ENABLE_STRICT_OBJC_MSGSEND = YES;
				ENABLE_TESTABILITY = YES;
				ENABLE_USER_SCRIPT_SANDBOXING = YES;
				GCC_C_LANGUAGE_STANDARD = gnu17;
				GCC_DYNAMIC_NO_PIC = NO;
				GCC_NO_COMMON_BLOCKS = YES;
				GCC_OPTIMIZATION_LEVEL = 0;
				GCC_PREPROCESSOR_DEFINITIONS = (
					"DEBUG=1",
					"$(inherited)",
				);
				GCC_WARN_64_TO_32_BIT_CONVERSION = YES;
				GCC_WARN_ABOUT_RETURN_TYPE = YES_ERROR;
				GCC_WARN_UNDECLARED_SELECTOR = YES;
				GCC_WARN_UNINITIALIZED_AUTOS = YES_AGGRESSIVE;
				GCC_WARN_UNUSED_FUNCTION = YES;
				GCC_WARN_UNUSED_VARIABLE = YES;
				IPHONEOS_DEPLOYMENT_TARGET = 17.0;
				LOCALIZATION_PREFERS_STRING_CATALOGS = YES;
				MTL_ENABLE_DEBUG_INFO = INCLUDE_SOURCE;
				MTL_FAST_MATH = YES;
				ONLY_ACTIVE_ARCH = YES;
				SDKROOT = iphoneos;
				SWIFT_ACTIVE_COMPILATION_CONDITIONS = "DEBUG $(inherited)";
				SWIFT_OPTIMIZATION_LEVEL = "-Onone";
			};
			name = Debug;
		};
		3B240BED2C457C6F005DF771 /* Release */ = {
			isa = XCBuildConfiguration;
			buildSettings = {
				ALWAYS_SEARCH_USER_PATHS = NO;
				ASSETCATALOG_COMPILER_GENERATE_SWIFT_ASSET_SYMBOL_EXTENSIONS = YES;
				CLANG_ANALYZER_NONNULL = YES;
				CLANG_ANALYZER_NUMBER_OBJECT_CONVERSION = YES_AGGRESSIVE;
				CLANG_CXX_LANGUAGE_STANDARD = "gnu++20";
				CLANG_ENABLE_MODULES = YES;
				CLANG_ENABLE_OBJC_ARC = YES;
				CLANG_ENABLE_OBJC_WEAK = YES;
				CLANG_WARN_BLOCK_CAPTURE_AUTORELEASING = YES;
				CLANG_WARN_BOOL_CONVERSION = YES;
				CLANG_WARN_COMMA = YES;
				CLANG_WARN_CONSTANT_CONVERSION = YES;
				CLANG_WARN_DEPRECATED_OBJC_IMPLEMENTATIONS = YES;
				CLANG_WARN_DIRECT_OBJC_ISA_USAGE = YES_ERROR;
				CLANG_WARN_DOCUMENTATION_COMMENTS = YES;
				CLANG_WARN_EMPTY_BODY = YES;
				CLANG_WARN_ENUM_CONVERSION = YES;
				CLANG_WARN_INFINITE_RECURSION = YES;
				CLANG_WARN_INT_CONVERSION = YES;
				CLANG_WARN_NON_LITERAL_NULL_CONVERSION = YES;
				CLANG_WARN_OBJC_IMPLICIT_RETAIN_SELF = YES;
				CLANG_WARN_OBJC_LITERAL_CONVERSION = YES;
				CLANG_WARN_OBJC_ROOT_CLASS = YES_ERROR;
				CLANG_WARN_QUOTED_INCLUDE_IN_FRAMEWORK_HEADER = YES;
				CLANG_WARN_RANGE_LOOP_ANALYSIS = YES;
				CLANG_WARN_STRICT_PROTOTYPES = YES;
				CLANG_WARN_SUSPICIOUS_MOVE = YES;
				CLANG_WARN_UNGUARDED_AVAILABILITY = YES_AGGRESSIVE;
				CLANG_WARN_UNREACHABLE_CODE = YES;
				CLANG_WARN__DUPLICATE_METHOD_MATCH = YES;
				COPY_PHASE_STRIP = NO;
				DEBUG_INFORMATION_FORMAT = "dwarf-with-dsym";
				ENABLE_NS_ASSERTIONS = NO;
				ENABLE_STRICT_OBJC_MSGSEND = YES;
				ENABLE_USER_SCRIPT_SANDBOXING = YES;
				GCC_C_LANGUAGE_STANDARD = gnu17;
				GCC_NO_COMMON_BLOCKS = YES;
				GCC_WARN_64_TO_32_BIT_CONVERSION = YES;
				GCC_WARN_ABOUT_RETURN_TYPE = YES_ERROR;
				GCC_WARN_UNDECLARED_SELECTOR = YES;
				GCC_WARN_UNINITIALIZED_AUTOS = YES_AGGRESSIVE;
				GCC_WARN_UNUSED_FUNCTION = YES;
				GCC_WARN_UNUSED_VARIABLE = YES;
				IPHONEOS_DEPLOYMENT_TARGET = 17.0;
				LOCALIZATION_PREFERS_STRING_CATALOGS = YES;
				MTL_ENABLE_DEBUG_INFO = NO;
				MTL_FAST_MATH = YES;
				SDKROOT = iphoneos;
				SWIFT_COMPILATION_MODE = wholemodule;
				VALIDATE_PRODUCT = YES;
			};
			name = Release;
		};
		3B240BEF2C457C6F005DF771 /* Debug */ = {
			isa = XCBuildConfiguration;
			buildSettings = {
				ASSETCATALOG_COMPILER_APPICON_NAME = AppIcon;
				ASSETCATALOG_COMPILER_GLOBAL_ACCENT_COLOR_NAME = AccentColor;
				CODE_SIGN_STYLE = Automatic;
				CURRENT_PROJECT_VERSION = 1;
				DEVELOPMENT_ASSET_PATHS = "\"TodoList/Preview Content\"";
				DEVELOPMENT_TEAM = 6DNKN2DQ82;
				ENABLE_PREVIEWS = YES;
				GENERATE_INFOPLIST_FILE = YES;
				INFOPLIST_KEY_CFBundleDisplayName = "SwiftUI Todo List";
				INFOPLIST_KEY_UIApplicationSceneManifest_Generation = YES;
				INFOPLIST_KEY_UIApplicationSupportsIndirectInputEvents = YES;
				INFOPLIST_KEY_UILaunchScreen_Generation = YES;
				INFOPLIST_KEY_UISupportedInterfaceOrientations = UIInterfaceOrientationPortrait;
				LD_RUNPATH_SEARCH_PATHS = (
					"$(inherited)",
					"@executable_path/Frameworks",
				);
				MARKETING_VERSION = 1.0;
				PRODUCT_BUNDLE_IDENTIFIER = com.pp.TodoList;
				PRODUCT_NAME = "$(TARGET_NAME)";
				SWIFT_EMIT_LOC_STRINGS = YES;
				SWIFT_VERSION = 5.0;
				TARGETED_DEVICE_FAMILY = "1,2";
			};
			name = Debug;
		};
		3B240BF02C457C6F005DF771 /* Release */ = {
			isa = XCBuildConfiguration;
			buildSettings = {
				ASSETCATALOG_COMPILER_APPICON_NAME = AppIcon;
				ASSETCATALOG_COMPILER_GLOBAL_ACCENT_COLOR_NAME = AccentColor;
				CODE_SIGN_STYLE = Automatic;
				CURRENT_PROJECT_VERSION = 1;
				DEVELOPMENT_ASSET_PATHS = "\"TodoList/Preview Content\"";
				DEVELOPMENT_TEAM = 6DNKN2DQ82;
				ENABLE_PREVIEWS = YES;
				GENERATE_INFOPLIST_FILE = YES;
				INFOPLIST_KEY_CFBundleDisplayName = "SwiftUI Todo List";
				INFOPLIST_KEY_UIApplicationSceneManifest_Generation = YES;
				INFOPLIST_KEY_UIApplicationSupportsIndirectInputEvents = YES;
				INFOPLIST_KEY_UILaunchScreen_Generation = YES;
				INFOPLIST_KEY_UISupportedInterfaceOrientations = UIInterfaceOrientationPortrait;
				LD_RUNPATH_SEARCH_PATHS = (
					"$(inherited)",
					"@executable_path/Frameworks",
				);
				MARKETING_VERSION = 1.0;
				PRODUCT_BUNDLE_IDENTIFIER = com.pp.TodoList;
				PRODUCT_NAME = "$(TARGET_NAME)";
				SWIFT_EMIT_LOC_STRINGS = YES;
				SWIFT_VERSION = 5.0;
				TARGETED_DEVICE_FAMILY = "1,2";
			};
			name = Release;
		};
/* End XCBuildConfiguration section */

/* Begin XCConfigurationList section */
		3B240BDB2C457C6D005DF771 /* Build configuration list for PBXProject "TodoList" */ = {
			isa = XCConfigurationList;
			buildConfigurations = (
				3B240BEC2C457C6F005DF771 /* Debug */,
				3B240BED2C457C6F005DF771 /* Release */,
			);
			defaultConfigurationIsVisible = 0;
			defaultConfigurationName = Release;
		};
		3B240BEE2C457C6F005DF771 /* Build configuration list for PBXNativeTarget "TodoList" */ = {
			isa = XCConfigurationList;
			buildConfigurations = (
				3B240BEF2C457C6F005DF771 /* Debug */,
				3B240BF02C457C6F005DF771 /* Release */,
			);
			defaultConfigurationIsVisible = 0;
			defaultConfigurationName = Release;
		};
/* End XCConfigurationList section */

/* Begin XCRemoteSwiftPackageReference section */
		3B240BF12C4580E6005DF771 /* XCRemoteSwiftPackageReference "firebase-ios-sdk" */ = {
			isa = XCRemoteSwiftPackageReference;
			repositoryURL = "https://github.com/firebase/firebase-ios-sdk";
			requirement = {
				kind = upToNextMajorVersion;
				minimumVersion = 10.29.0;
			};
		};
/* End XCRemoteSwiftPackageReference section */

/* Begin XCSwiftPackageProductDependency section */
		3B240BF22C4580E6005DF771 /* FirebaseAnalytics */ = {
			isa = XCSwiftPackageProductDependency;
			package = 3B240BF12C4580E6005DF771 /* XCRemoteSwiftPackageReference "firebase-ios-sdk" */;
			productName = FirebaseAnalytics;
		};
		3B240BF42C4580E6005DF771 /* FirebaseAnalyticsOnDeviceConversion */ = {
			isa = XCSwiftPackageProductDependency;
			package = 3B240BF12C4580E6005DF771 /* XCRemoteSwiftPackageReference "firebase-ios-sdk" */;
			productName = FirebaseAnalyticsOnDeviceConversion;
		};
		3B240BF62C4580E6005DF771 /* FirebaseAnalyticsSwift */ = {
			isa = XCSwiftPackageProductDependency;
			package = 3B240BF12C4580E6005DF771 /* XCRemoteSwiftPackageReference "firebase-ios-sdk" */;
			productName = FirebaseAnalyticsSwift;
		};
		3B240BF82C4580E6005DF771 /* FirebaseAnalyticsWithoutAdIdSupport */ = {
			isa = XCSwiftPackageProductDependency;
			package = 3B240BF12C4580E6005DF771 /* XCRemoteSwiftPackageReference "firebase-ios-sdk" */;
			productName = FirebaseAnalyticsWithoutAdIdSupport;
		};
		3B240BFA2C4580E6005DF771 /* FirebaseAppCheck */ = {
			isa = XCSwiftPackageProductDependency;
			package = 3B240BF12C4580E6005DF771 /* XCRemoteSwiftPackageReference "firebase-ios-sdk" */;
			productName = FirebaseAppCheck;
		};
		3B240BFC2C4580E6005DF771 /* FirebaseAppDistribution-Beta */ = {
			isa = XCSwiftPackageProductDependency;
			package = 3B240BF12C4580E6005DF771 /* XCRemoteSwiftPackageReference "firebase-ios-sdk" */;
			productName = "FirebaseAppDistribution-Beta";
		};
		3B240BFE2C4580E6005DF771 /* FirebaseAuth */ = {
			isa = XCSwiftPackageProductDependency;
			package = 3B240BF12C4580E6005DF771 /* XCRemoteSwiftPackageReference "firebase-ios-sdk" */;
			productName = FirebaseAuth;
		};
		3B240C002C4580E6005DF771 /* FirebaseAuthCombine-Community */ = {
			isa = XCSwiftPackageProductDependency;
			package = 3B240BF12C4580E6005DF771 /* XCRemoteSwiftPackageReference "firebase-ios-sdk" */;
			productName = "FirebaseAuthCombine-Community";
		};
		3B240C022C4580E6005DF771 /* FirebaseCrashlytics */ = {
			isa = XCSwiftPackageProductDependency;
			package = 3B240BF12C4580E6005DF771 /* XCRemoteSwiftPackageReference "firebase-ios-sdk" */;
			productName = FirebaseCrashlytics;
		};
		3B240C042C4580E6005DF771 /* FirebaseDatabase */ = {
			isa = XCSwiftPackageProductDependency;
			package = 3B240BF12C4580E6005DF771 /* XCRemoteSwiftPackageReference "firebase-ios-sdk" */;
			productName = FirebaseDatabase;
		};
		3B240C062C4580E6005DF771 /* FirebaseDatabaseSwift */ = {
			isa = XCSwiftPackageProductDependency;
			package = 3B240BF12C4580E6005DF771 /* XCRemoteSwiftPackageReference "firebase-ios-sdk" */;
			productName = FirebaseDatabaseSwift;
		};
		3B240C082C4580E6005DF771 /* FirebaseDynamicLinks */ = {
			isa = XCSwiftPackageProductDependency;
			package = 3B240BF12C4580E6005DF771 /* XCRemoteSwiftPackageReference "firebase-ios-sdk" */;
			productName = FirebaseDynamicLinks;
		};
		3B240C0A2C4580E6005DF771 /* FirebaseFirestore */ = {
			isa = XCSwiftPackageProductDependency;
			package = 3B240BF12C4580E6005DF771 /* XCRemoteSwiftPackageReference "firebase-ios-sdk" */;
			productName = FirebaseFirestore;
		};
		3B240C0C2C4580E6005DF771 /* FirebaseFirestoreCombine-Community */ = {
			isa = XCSwiftPackageProductDependency;
			package = 3B240BF12C4580E6005DF771 /* XCRemoteSwiftPackageReference "firebase-ios-sdk" */;
			productName = "FirebaseFirestoreCombine-Community";
		};
		3B240C0E2C4580E6005DF771 /* FirebaseFirestoreSwift */ = {
			isa = XCSwiftPackageProductDependency;
			package = 3B240BF12C4580E6005DF771 /* XCRemoteSwiftPackageReference "firebase-ios-sdk" */;
			productName = FirebaseFirestoreSwift;
		};
		3B240C102C4580E6005DF771 /* FirebaseFunctions */ = {
			isa = XCSwiftPackageProductDependency;
			package = 3B240BF12C4580E6005DF771 /* XCRemoteSwiftPackageReference "firebase-ios-sdk" */;
			productName = FirebaseFunctions;
		};
		3B240C122C4580E6005DF771 /* FirebaseFunctionsCombine-Community */ = {
			isa = XCSwiftPackageProductDependency;
			package = 3B240BF12C4580E6005DF771 /* XCRemoteSwiftPackageReference "firebase-ios-sdk" */;
			productName = "FirebaseFunctionsCombine-Community";
		};
		3B240C142C4580E6005DF771 /* FirebaseInAppMessaging-Beta */ = {
			isa = XCSwiftPackageProductDependency;
			package = 3B240BF12C4580E6005DF771 /* XCRemoteSwiftPackageReference "firebase-ios-sdk" */;
			productName = "FirebaseInAppMessaging-Beta";
		};
		3B240C162C4580E6005DF771 /* FirebaseInAppMessagingSwift-Beta */ = {
			isa = XCSwiftPackageProductDependency;
			package = 3B240BF12C4580E6005DF771 /* XCRemoteSwiftPackageReference "firebase-ios-sdk" */;
			productName = "FirebaseInAppMessagingSwift-Beta";
		};
		3B240C182C4580E6005DF771 /* FirebaseInstallations */ = {
			isa = XCSwiftPackageProductDependency;
			package = 3B240BF12C4580E6005DF771 /* XCRemoteSwiftPackageReference "firebase-ios-sdk" */;
			productName = FirebaseInstallations;
		};
		3B240C1A2C4580E6005DF771 /* FirebaseMLModelDownloader */ = {
			isa = XCSwiftPackageProductDependency;
			package = 3B240BF12C4580E6005DF771 /* XCRemoteSwiftPackageReference "firebase-ios-sdk" */;
			productName = FirebaseMLModelDownloader;
		};
		3B240C1C2C4580E6005DF771 /* FirebaseMessaging */ = {
			isa = XCSwiftPackageProductDependency;
			package = 3B240BF12C4580E6005DF771 /* XCRemoteSwiftPackageReference "firebase-ios-sdk" */;
			productName = FirebaseMessaging;
		};
		3B240C1E2C4580E6005DF771 /* FirebasePerformance */ = {
			isa = XCSwiftPackageProductDependency;
			package = 3B240BF12C4580E6005DF771 /* XCRemoteSwiftPackageReference "firebase-ios-sdk" */;
			productName = FirebasePerformance;
		};
		3B240C202C4580E6005DF771 /* FirebaseRemoteConfig */ = {
			isa = XCSwiftPackageProductDependency;
			package = 3B240BF12C4580E6005DF771 /* XCRemoteSwiftPackageReference "firebase-ios-sdk" */;
			productName = FirebaseRemoteConfig;
		};
		3B240C222C4580E6005DF771 /* FirebaseRemoteConfigSwift */ = {
			isa = XCSwiftPackageProductDependency;
			package = 3B240BF12C4580E6005DF771 /* XCRemoteSwiftPackageReference "firebase-ios-sdk" */;
			productName = FirebaseRemoteConfigSwift;
		};
		3B240C242C4580E6005DF771 /* FirebaseStorage */ = {
			isa = XCSwiftPackageProductDependency;
			package = 3B240BF12C4580E6005DF771 /* XCRemoteSwiftPackageReference "firebase-ios-sdk" */;
			productName = FirebaseStorage;
		};
		3B240C262C4580E6005DF771 /* FirebaseStorageCombine-Community */ = {
			isa = XCSwiftPackageProductDependency;
			package = 3B240BF12C4580E6005DF771 /* XCRemoteSwiftPackageReference "firebase-ios-sdk" */;
			productName = "FirebaseStorageCombine-Community";
		};
		3B240C282C4580E6005DF771 /* FirebaseVertexAI-Preview */ = {
			isa = XCSwiftPackageProductDependency;
			package = 3B240BF12C4580E6005DF771 /* XCRemoteSwiftPackageReference "firebase-ios-sdk" */;
			productName = "FirebaseVertexAI-Preview";
		};
/* End XCSwiftPackageProductDependency section */
	};
	rootObject = 3B240BD82C457C6D005DF771 /* Project object */;
}
